
Microsoft Visual Studio Solution File, Format Version 12.00
# Visual Studio Version 17
VisualStudioVersion = 17.8.34322.80
MinimumVisualStudioVersion = 10.0.40219.1
Project("{FAE04EC0-301F-11D3-BF4B-00C04F79EFBC}") = "Mediatr3", "Mediatr\Mediatr3.csproj", "{195CE2BE-DA83-4A3A-B75E-24E1528CE54B}"
EndProject
Global
	GlobalSection(SolutionConfigurationPlatforms) = preSolution
		Debug|Any CPU = Debug|Any CPU
		Release|Any CPU = Release|Any CPU
	EndGlobalSection
	GlobalSection(ProjectConfigurationPlatforms) = postSolution
		{195CE2BE-DA83-4A3A-B75E-24E1528CE54B}.Debug|Any CPU.ActiveCfg = Debug|Any CPU
		{195CE2BE-DA83-4A3A-B75E-24E1528CE54B}.Debug|Any CPU.Build.0 = Debug|Any CPU
		{195CE2BE-DA83-4A3A-B75E-24E1528CE54B}.Release|Any CPU.ActiveCfg = Release|Any CPU
		{195CE2BE-DA83-4A3A-B75E-24E1528CE54B}.Release|Any CPU.Build.0 = Release|Any CPU
	EndGlobalSection
	GlobalSection(SolutionProperties) = preSolution
		HideSolutionNode = FALSE
	EndGlobalSection
	GlobalSection(ExtensibilityGlobals) = postSolution
		SolutionGuid = {4FD28E70-3301-40F0-AAC6-15D2529CEC45}
	EndGlobalSection
EndGlobal
